
Microsoft Visual Studio Solution File, Format Version 12.00
# Visual Studio Version 16
VisualStudioVersion = 16.0.31515.178
MinimumVisualStudioVersion = 10.0.40219.1
Project("{9A19103F-16F7-4668-BE54-9A1E7A4F7556}") = "TrainingCenterCRM.BLL", "TrainingCenterCRM.BLL\TrainingCenterCRM.BLL.csproj", "{BA94B089-692F-4C1C-B020-02547B360A31}"
EndProject
Project("{9A19103F-16F7-4668-BE54-9A1E7A4F7556}") = "TrainingCenterCRM.DAL.EF", "TrainingCenterCRM.DAL.EF\TrainingCenterCRM.DAL.EF.csproj", "{C0D8250E-D0DD-488A-96E5-2F262F399A1B}"
EndProject
Project("{9A19103F-16F7-4668-BE54-9A1E7A4F7556}") = "TrainingCenterCRM.WebAngular", "TrainingCenterCRM.WebAngular\TrainingCenterCRM.WebAngular.csproj", "{FE616504-9692-4820-8D65-5BE3F82BE592}"
EndProject
Project("{9A19103F-16F7-4668-BE54-9A1E7A4F7556}") = "TrainingCenterCRM.Api", "TrainingCenterCRM.Api\TrainingCenterCRM.Api.csproj", "{247B8A48-EB90-4862-8510-0965B7ABA211}"
EndProject
Project("{9A19103F-16F7-4668-BE54-9A1E7A4F7556}") = "TrainingCenterCRM.Core", "TrainingCenterCRM.Core\TrainingCenterCRM.Core.csproj", "{A59E5E0D-BCA1-407F-A6E6-7DB614E03C7F}"
EndProject
Global
	GlobalSection(SolutionConfigurationPlatforms) = preSolution
		Debug|Any CPU = Debug|Any CPU
		Release|Any CPU = Release|Any CPU
	EndGlobalSection
	GlobalSection(ProjectConfigurationPlatforms) = postSolution
		{BA94B089-692F-4C1C-B020-02547B360A31}.Debug|Any CPU.ActiveCfg = Debug|Any CPU
		{BA94B089-692F-4C1C-B020-02547B360A31}.Debug|Any CPU.Build.0 = Debug|Any CPU
		{BA94B089-692F-4C1C-B020-02547B360A31}.Release|Any CPU.ActiveCfg = Release|Any CPU
		{BA94B089-692F-4C1C-B020-02547B360A31}.Release|Any CPU.Build.0 = Release|Any CPU
		{C0D8250E-D0DD-488A-96E5-2F262F399A1B}.Debug|Any CPU.ActiveCfg = Debug|Any CPU
		{C0D8250E-D0DD-488A-96E5-2F262F399A1B}.Debug|Any CPU.Build.0 = Debug|Any CPU
		{C0D8250E-D0DD-488A-96E5-2F262F399A1B}.Release|Any CPU.ActiveCfg = Release|Any CPU
		{C0D8250E-D0DD-488A-96E5-2F262F399A1B}.Release|Any CPU.Build.0 = Release|Any CPU
		{FE616504-9692-4820-8D65-5BE3F82BE592}.Debug|Any CPU.ActiveCfg = Debug|Any CPU
		{FE616504-9692-4820-8D65-5BE3F82BE592}.Debug|Any CPU.Build.0 = Debug|Any CPU
		{FE616504-9692-4820-8D65-5BE3F82BE592}.Release|Any CPU.ActiveCfg = Release|Any CPU
		{FE616504-9692-4820-8D65-5BE3F82BE592}.Release|Any CPU.Build.0 = Release|Any CPU
		{247B8A48-EB90-4862-8510-0965B7ABA211}.Debug|Any CPU.ActiveCfg = Debug|Any CPU
		{247B8A48-EB90-4862-8510-0965B7ABA211}.Debug|Any CPU.Build.0 = Debug|Any CPU
		{247B8A48-EB90-4862-8510-0965B7ABA211}.Release|Any CPU.ActiveCfg = Release|Any CPU
		{247B8A48-EB90-4862-8510-0965B7ABA211}.Release|Any CPU.Build.0 = Release|Any CPU
		{A59E5E0D-BCA1-407F-A6E6-7DB614E03C7F}.Debug|Any CPU.ActiveCfg = Debug|Any CPU
		{A59E5E0D-BCA1-407F-A6E6-7DB614E03C7F}.Debug|Any CPU.Build.0 = Debug|Any CPU
		{A59E5E0D-BCA1-407F-A6E6-7DB614E03C7F}.Release|Any CPU.ActiveCfg = Release|Any CPU
		{A59E5E0D-BCA1-407F-A6E6-7DB614E03C7F}.Release|Any CPU.Build.0 = Release|Any CPU
	EndGlobalSection
	GlobalSection(SolutionProperties) = preSolution
		HideSolutionNode = FALSE
	EndGlobalSection
	GlobalSection(ExtensibilityGlobals) = postSolution
		SolutionGuid = {78BCFDD3-F211-45A1-95CD-FCE0A31970EE}
	EndGlobalSection
EndGlobal
