
Microsoft Visual Studio Solution File, Format Version 12.00
# Visual Studio Version 16
VisualStudioVersion = 16.0.31515.178
MinimumVisualStudioVersion = 10.0.40219.1
Project("{9A19103F-16F7-4668-BE54-9A1E7A4F7556}") = "TrainingCenterCRM", "TrainingCenterCRM\TrainingCenterCRM.csproj", "{D78578C7-B7AB-4BA2-B124-03A448A35C83}"
EndProject
Project("{9A19103F-16F7-4668-BE54-9A1E7A4F7556}") = "TrainingCenterCRM.BLL", "TrainingCenterCRM.BLL\TrainingCenterCRM.BLL.csproj", "{BA94B089-692F-4C1C-B020-02547B360A31}"
EndProject
Project("{9A19103F-16F7-4668-BE54-9A1E7A4F7556}") = "TrainingCenterCRM.DAL", "TrainingCenterCRM.DAL\TrainingCenterCRM.DAL.csproj", "{A5C560D0-191F-4750-8A44-C397B6637E4C}"
EndProject
Project("{FAE04EC0-301F-11D3-BF4B-00C04F79EFBC}") = "TrainingCenterCRM.DAL.EF", "TrainingCenterCRM.DAL.EF\TrainingCenterCRM.DAL.EF.csproj", "{C0D8250E-D0DD-488A-96E5-2F262F399A1B}"
EndProject
Global
	GlobalSection(SolutionConfigurationPlatforms) = preSolution
		Debug|Any CPU = Debug|Any CPU
		Release|Any CPU = Release|Any CPU
	EndGlobalSection
	GlobalSection(ProjectConfigurationPlatforms) = postSolution
		{D78578C7-B7AB-4BA2-B124-03A448A35C83}.Debug|Any CPU.ActiveCfg = Debug|Any CPU
		{D78578C7-B7AB-4BA2-B124-03A448A35C83}.Debug|Any CPU.Build.0 = Debug|Any CPU
		{D78578C7-B7AB-4BA2-B124-03A448A35C83}.Release|Any CPU.ActiveCfg = Release|Any CPU
		{D78578C7-B7AB-4BA2-B124-03A448A35C83}.Release|Any CPU.Build.0 = Release|Any CPU
		{BA94B089-692F-4C1C-B020-02547B360A31}.Debug|Any CPU.ActiveCfg = Debug|Any CPU
		{BA94B089-692F-4C1C-B020-02547B360A31}.Debug|Any CPU.Build.0 = Debug|Any CPU
		{BA94B089-692F-4C1C-B020-02547B360A31}.Release|Any CPU.ActiveCfg = Release|Any CPU
		{BA94B089-692F-4C1C-B020-02547B360A31}.Release|Any CPU.Build.0 = Release|Any CPU
		{A5C560D0-191F-4750-8A44-C397B6637E4C}.Debug|Any CPU.ActiveCfg = Debug|Any CPU
		{A5C560D0-191F-4750-8A44-C397B6637E4C}.Debug|Any CPU.Build.0 = Debug|Any CPU
		{A5C560D0-191F-4750-8A44-C397B6637E4C}.Release|Any CPU.ActiveCfg = Release|Any CPU
		{A5C560D0-191F-4750-8A44-C397B6637E4C}.Release|Any CPU.Build.0 = Release|Any CPU
		{C0D8250E-D0DD-488A-96E5-2F262F399A1B}.Debug|Any CPU.ActiveCfg = Debug|Any CPU
		{C0D8250E-D0DD-488A-96E5-2F262F399A1B}.Debug|Any CPU.Build.0 = Debug|Any CPU
		{C0D8250E-D0DD-488A-96E5-2F262F399A1B}.Release|Any CPU.ActiveCfg = Release|Any CPU
		{C0D8250E-D0DD-488A-96E5-2F262F399A1B}.Release|Any CPU.Build.0 = Release|Any CPU
	EndGlobalSection
	GlobalSection(SolutionProperties) = preSolution
		HideSolutionNode = FALSE
	EndGlobalSection
	GlobalSection(ExtensibilityGlobals) = postSolution
		SolutionGuid = {78BCFDD3-F211-45A1-95CD-FCE0A31970EE}
	EndGlobalSection
EndGlobal
